
Microsoft Visual Studio Solution File, Format Version 12.00
# Visual Studio Version 17
VisualStudioVersion = 17.2.32630.192
MinimumVisualStudioVersion = 10.0.40219.1
Project("{FAE04EC0-301F-11D3-BF4B-00C04F79EFBC}") = "4-17", "Project2\4-17.csproj", "{AEFB3FA7-CA0A-4AD2-AAEE-F0F72B251BF2}"
EndProject
Project("{9A19103F-16F7-4668-BE54-9A1E7A4F7556}") = "base", "base\base.csproj", "{39D37D90-8D79-479E-866C-296A2C480A14}"
EndProject
Project("{9A19103F-16F7-4668-BE54-9A1E7A4F7556}") = "4-18", "tostring\4-18.csproj", "{FA5DA5E0-85AB-4975-8D09-54D8624DD282}"
EndProject
Project("{9A19103F-16F7-4668-BE54-9A1E7A4F7556}") = "4-19", "bookequals\4-19.csproj", "{2129AA5B-E639-4B94-9AB4-4C086F1A7B27}"
EndProject
Project("{9A19103F-16F7-4668-BE54-9A1E7A4F7556}") = "4-20", "mathodoverrode\4-20.csproj", "{C1BA95A9-8E75-4BC2-88DB-5F37761D7A44}"
EndProject
Project("{9A19103F-16F7-4668-BE54-9A1E7A4F7556}") = "operatoroverrode", "operatoroverrode\operatoroverrode.csproj", "{3621EC7A-E6B7-40F3-B442-7343284C6325}"
EndProject
Project("{9A19103F-16F7-4668-BE54-9A1E7A4F7556}") = "classconversion", "classconversion\classconversion.csproj", "{43CDF39C-CC53-49E0-9BBE-AF3521511757}"
EndProject
Project("{9A19103F-16F7-4668-BE54-9A1E7A4F7556}") = "DrawingObject", "DrawingObject\DrawingObject.csproj", "{01DEDEBE-AF79-4655-B76E-9ED58C6C682A}"
EndProject
Project("{9A19103F-16F7-4668-BE54-9A1E7A4F7556}") = "delegate", "delegate\delegate.csproj", "{66A75820-EB54-4BA0-8B18-0529E02347D3}"
EndProject
Project("{9A19103F-16F7-4668-BE54-9A1E7A4F7556}") = "usingdelegate", "usingdelegate\usingdelegate.csproj", "{A3CE46C3-2494-46FC-B650-E050CBAA4905}"
EndProject
Project("{9A19103F-16F7-4668-BE54-9A1E7A4F7556}") = "clacdelegate", "clacdelegate\clacdelegate.csproj", "{333AF16F-F8E5-4EBA-852A-31BB58B51D8D}"
EndProject
Project("{9A19103F-16F7-4668-BE54-9A1E7A4F7556}") = "4-21", "callback\4-21.csproj", "{33A8D7A4-4BF8-4515-A528-7886A5206FEC}"
EndProject
Project("{9A19103F-16F7-4668-BE54-9A1E7A4F7556}") = "4-22", "4-22\4-22.csproj", "{BC0E6211-47BA-4B07-B308-A3330921B5F4}"
EndProject
Project("{9A19103F-16F7-4668-BE54-9A1E7A4F7556}") = "4-22-1", "4-22-1\4-22-1.csproj", "{CF98B99F-9C0E-49E5-B898-B62112BCB671}"
EndProject
Project("{9A19103F-16F7-4668-BE54-9A1E7A4F7556}") = "4-23", "4-23\4-23.csproj", "{BFFE368B-F244-49B6-93EE-E2D3202EB034}"
EndProject
Project("{9A19103F-16F7-4668-BE54-9A1E7A4F7556}") = "idrawingobject", "idrawingobject\idrawingobject.csproj", "{C8E9E707-43FC-42A0-B1BD-CD4D072F5E04}"
EndProject
Project("{9A19103F-16F7-4668-BE54-9A1E7A4F7556}") = "iToString", "iToString\iToString.csproj", "{E1F793C0-42A3-4BB6-8A99-225081A12FC5}"
EndProject
Project("{9A19103F-16F7-4668-BE54-9A1E7A4F7556}") = "4-21-i", "4-21-i\4-21-i.csproj", "{FCA24BC3-9E5C-402A-8D56-F23EDC426D76}"
EndProject
Project("{9A19103F-16F7-4668-BE54-9A1E7A4F7556}") = "4-24", "4-24\4-24.csproj", "{19E12920-D984-46E0-B83B-99A9AFF4C84D}"
EndProject
Project("{9A19103F-16F7-4668-BE54-9A1E7A4F7556}") = "4-25", "ienumerable\4-25.csproj", "{B64268D2-C2E4-4FBA-B857-09796142A497}"
EndProject
Project("{9A19103F-16F7-4668-BE54-9A1E7A4F7556}") = "4.5.1.5", "4.5.1.5\4.5.1.5.csproj", "{920F0570-D2A5-46AF-B4A5-84D14727225E}"
EndProject
Project("{9A19103F-16F7-4668-BE54-9A1E7A4F7556}") = "structclass", "structclass\structclass.csproj", "{ACE98300-2F5C-4203-92DA-A82488BFF581}"
EndProject
Project("{9A19103F-16F7-4668-BE54-9A1E7A4F7556}") = "cbrref", "cbrref\cbrref.csproj", "{FE715871-1C48-4AB8-8E9E-57240868B7FD}"
EndProject
Project("{9A19103F-16F7-4668-BE54-9A1E7A4F7556}") = "4-27", "4-27\4-27.csproj", "{2ED90369-63FB-4B9C-B2C5-86A28E4B068E}"
EndProject
Project("{9A19103F-16F7-4668-BE54-9A1E7A4F7556}") = "4-26", "4-26\4-26.csproj", "{C20AC99F-6011-48D3-AECB-93B14F3AC6D1}"
EndProject
Project("{9A19103F-16F7-4668-BE54-9A1E7A4F7556}") = "enumCalc", "enumCalc\enumCalc.csproj", "{F338D9A0-7877-40FC-AE14-5C886A65FA10}"
EndProject
Project("{9A19103F-16F7-4668-BE54-9A1E7A4F7556}") = "PrimeNumD", "PrimeNumD\PrimeNumD.csproj", "{7089AD80-0784-4DBA-B36C-ED1DDFD8DB02}"
EndProject
Project("{9A19103F-16F7-4668-BE54-9A1E7A4F7556}") = "PrimeNumE", "PrimeNumE\PrimeNumE.csproj", "{4F79D26B-E4BE-4634-A663-1B0BF5E523B6}"
EndProject
Project("{9A19103F-16F7-4668-BE54-9A1E7A4F7556}") = "indexer", "indexer\indexer.csproj", "{D33C9899-9683-4704-80A4-E08E38FCEA92}"
EndProject
Project("{9A19103F-16F7-4668-BE54-9A1E7A4F7556}") = "readonlyindexer", "readonlyindexer\readonlyindexer.csproj", "{8773BBD2-9376-43D6-9C51-F1D685A33218}"
EndProject
Project("{9A19103F-16F7-4668-BE54-9A1E7A4F7556}") = "4-9", "4-9\4-9.csproj", "{D2F4A7B4-FEDC-4BF0-B774-6CC0EDDFF8E0}"
EndProject
Project("{FAE04EC0-301F-11D3-BF4B-00C04F79EFBC}") = "EventGame", "EventGame\EventGame.csproj", "{B2784E4D-762B-4EAE-9C8B-9A7DE34866DB}"
EndProject
Project("{9A19103F-16F7-4668-BE54-9A1E7A4F7556}") = "6-1", "DateT\6-1.csproj", "{76FBAC32-CD21-4788-B3E5-E493EBA02B30}"
EndProject
Project("{9A19103F-16F7-4668-BE54-9A1E7A4F7556}") = "6-2", "6-2\6-2.csproj", "{F142C87F-D27A-49AA-818C-3405D21753B5}"
EndProject
Project("{9A19103F-16F7-4668-BE54-9A1E7A4F7556}") = "6-3", "6-3\6-3.csproj", "{3587982F-08D0-4426-A432-A53D18B17FE1}"
EndProject
Project("{9A19103F-16F7-4668-BE54-9A1E7A4F7556}") = "6-4", "6-4\6-4.csproj", "{B45E34C2-8546-4CD3-B204-7C2BC9363012}"
EndProject
Project("{9A19103F-16F7-4668-BE54-9A1E7A4F7556}") = "6-5", "6-5\6-5.csproj", "{B0FC0177-0420-44D3-8BCE-4E5CA7384419}"
EndProject
Project("{9A19103F-16F7-4668-BE54-9A1E7A4F7556}") = "6-8", "6-8\6-8.csproj", "{A5E43B69-B3D1-46C2-83D7-A726C18A0B37}"
EndProject
Project("{9A19103F-16F7-4668-BE54-9A1E7A4F7556}") = "6-17", "6-17\6-17.csproj", "{8BF37F97-77F5-4F33-8A13-64F5C2EA1FA0}"
EndProject
Project("{9A19103F-16F7-4668-BE54-9A1E7A4F7556}") = "6-18", "6-18\6-18.csproj", "{4B53A29F-6E2F-432F-8AA6-5DAD47BBBEF3}"
EndProject
Project("{9A19103F-16F7-4668-BE54-9A1E7A4F7556}") = "6.5.3", "6.5.3\6.5.3.csproj", "{8A73C121-02F6-4620-888E-90ECC34D75FD}"
EndProject
Project("{FAE04EC0-301F-11D3-BF4B-00C04F79EFBC}") = "6-47", "DBConnect\6-47.csproj", "{B3AA6D7B-A49E-4931-9EE3-D5653C002E7F}"
EndProject
Project("{FAE04EC0-301F-11D3-BF4B-00C04F79EFBC}") = "Db", "Db\Db.csproj", "{8492B3B8-0E75-47BE-AC1B-855119E6A8E2}"
EndProject
Global
	GlobalSection(SolutionConfigurationPlatforms) = preSolution
		Debug|Any CPU = Debug|Any CPU
		Release|Any CPU = Release|Any CPU
	EndGlobalSection
	GlobalSection(ProjectConfigurationPlatforms) = postSolution
		{AEFB3FA7-CA0A-4AD2-AAEE-F0F72B251BF2}.Debug|Any CPU.ActiveCfg = Debug|Any CPU
		{AEFB3FA7-CA0A-4AD2-AAEE-F0F72B251BF2}.Debug|Any CPU.Build.0 = Debug|Any CPU
		{AEFB3FA7-CA0A-4AD2-AAEE-F0F72B251BF2}.Release|Any CPU.ActiveCfg = Release|Any CPU
		{AEFB3FA7-CA0A-4AD2-AAEE-F0F72B251BF2}.Release|Any CPU.Build.0 = Release|Any CPU
		{39D37D90-8D79-479E-866C-296A2C480A14}.Debug|Any CPU.ActiveCfg = Debug|Any CPU
		{39D37D90-8D79-479E-866C-296A2C480A14}.Debug|Any CPU.Build.0 = Debug|Any CPU
		{39D37D90-8D79-479E-866C-296A2C480A14}.Release|Any CPU.ActiveCfg = Release|Any CPU
		{39D37D90-8D79-479E-866C-296A2C480A14}.Release|Any CPU.Build.0 = Release|Any CPU
		{FA5DA5E0-85AB-4975-8D09-54D8624DD282}.Debug|Any CPU.ActiveCfg = Debug|Any CPU
		{FA5DA5E0-85AB-4975-8D09-54D8624DD282}.Debug|Any CPU.Build.0 = Debug|Any CPU
		{FA5DA5E0-85AB-4975-8D09-54D8624DD282}.Release|Any CPU.ActiveCfg = Release|Any CPU
		{FA5DA5E0-85AB-4975-8D09-54D8624DD282}.Release|Any CPU.Build.0 = Release|Any CPU
		{2129AA5B-E639-4B94-9AB4-4C086F1A7B27}.Debug|Any CPU.ActiveCfg = Debug|Any CPU
		{2129AA5B-E639-4B94-9AB4-4C086F1A7B27}.Debug|Any CPU.Build.0 = Debug|Any CPU
		{2129AA5B-E639-4B94-9AB4-4C086F1A7B27}.Release|Any CPU.ActiveCfg = Release|Any CPU
		{2129AA5B-E639-4B94-9AB4-4C086F1A7B27}.Release|Any CPU.Build.0 = Release|Any CPU
		{C1BA95A9-8E75-4BC2-88DB-5F37761D7A44}.Debug|Any CPU.ActiveCfg = Debug|Any CPU
		{C1BA95A9-8E75-4BC2-88DB-5F37761D7A44}.Debug|Any CPU.Build.0 = Debug|Any CPU
		{C1BA95A9-8E75-4BC2-88DB-5F37761D7A44}.Release|Any CPU.ActiveCfg = Release|Any CPU
		{C1BA95A9-8E75-4BC2-88DB-5F37761D7A44}.Release|Any CPU.Build.0 = Release|Any CPU
		{3621EC7A-E6B7-40F3-B442-7343284C6325}.Debug|Any CPU.ActiveCfg = Debug|Any CPU
		{3621EC7A-E6B7-40F3-B442-7343284C6325}.Debug|Any CPU.Build.0 = Debug|Any CPU
		{3621EC7A-E6B7-40F3-B442-7343284C6325}.Release|Any CPU.ActiveCfg = Release|Any CPU
		{3621EC7A-E6B7-40F3-B442-7343284C6325}.Release|Any CPU.Build.0 = Release|Any CPU
		{43CDF39C-CC53-49E0-9BBE-AF3521511757}.Debug|Any CPU.ActiveCfg = Debug|Any CPU
		{43CDF39C-CC53-49E0-9BBE-AF3521511757}.Debug|Any CPU.Build.0 = Debug|Any CPU
		{43CDF39C-CC53-49E0-9BBE-AF3521511757}.Release|Any CPU.ActiveCfg = Release|Any CPU
		{43CDF39C-CC53-49E0-9BBE-AF3521511757}.Release|Any CPU.Build.0 = Release|Any CPU
		{01DEDEBE-AF79-4655-B76E-9ED58C6C682A}.Debug|Any CPU.ActiveCfg = Debug|Any CPU
		{01DEDEBE-AF79-4655-B76E-9ED58C6C682A}.Debug|Any CPU.Build.0 = Debug|Any CPU
		{01DEDEBE-AF79-4655-B76E-9ED58C6C682A}.Release|Any CPU.ActiveCfg = Release|Any CPU
		{01DEDEBE-AF79-4655-B76E-9ED58C6C682A}.Release|Any CPU.Build.0 = Release|Any CPU
		{66A75820-EB54-4BA0-8B18-0529E02347D3}.Debug|Any CPU.ActiveCfg = Debug|Any CPU
		{66A75820-EB54-4BA0-8B18-0529E02347D3}.Debug|Any CPU.Build.0 = Debug|Any CPU
		{66A75820-EB54-4BA0-8B18-0529E02347D3}.Release|Any CPU.ActiveCfg = Release|Any CPU
		{66A75820-EB54-4BA0-8B18-0529E02347D3}.Release|Any CPU.Build.0 = Release|Any CPU
		{A3CE46C3-2494-46FC-B650-E050CBAA4905}.Debug|Any CPU.ActiveCfg = Debug|Any CPU
		{A3CE46C3-2494-46FC-B650-E050CBAA4905}.Debug|Any CPU.Build.0 = Debug|Any CPU
		{A3CE46C3-2494-46FC-B650-E050CBAA4905}.Release|Any CPU.ActiveCfg = Release|Any CPU
		{A3CE46C3-2494-46FC-B650-E050CBAA4905}.Release|Any CPU.Build.0 = Release|Any CPU
		{333AF16F-F8E5-4EBA-852A-31BB58B51D8D}.Debug|Any CPU.ActiveCfg = Debug|Any CPU
		{333AF16F-F8E5-4EBA-852A-31BB58B51D8D}.Debug|Any CPU.Build.0 = Debug|Any CPU
		{333AF16F-F8E5-4EBA-852A-31BB58B51D8D}.Release|Any CPU.ActiveCfg = Release|Any CPU
		{333AF16F-F8E5-4EBA-852A-31BB58B51D8D}.Release|Any CPU.Build.0 = Release|Any CPU
		{33A8D7A4-4BF8-4515-A528-7886A5206FEC}.Debug|Any CPU.ActiveCfg = Debug|Any CPU
		{33A8D7A4-4BF8-4515-A528-7886A5206FEC}.Debug|Any CPU.Build.0 = Debug|Any CPU
		{33A8D7A4-4BF8-4515-A528-7886A5206FEC}.Release|Any CPU.ActiveCfg = Release|Any CPU
		{33A8D7A4-4BF8-4515-A528-7886A5206FEC}.Release|Any CPU.Build.0 = Release|Any CPU
		{BC0E6211-47BA-4B07-B308-A3330921B5F4}.Debug|Any CPU.ActiveCfg = Debug|Any CPU
		{BC0E6211-47BA-4B07-B308-A3330921B5F4}.Debug|Any CPU.Build.0 = Debug|Any CPU
		{BC0E6211-47BA-4B07-B308-A3330921B5F4}.Release|Any CPU.ActiveCfg = Release|Any CPU
		{BC0E6211-47BA-4B07-B308-A3330921B5F4}.Release|Any CPU.Build.0 = Release|Any CPU
		{CF98B99F-9C0E-49E5-B898-B62112BCB671}.Debug|Any CPU.ActiveCfg = Debug|Any CPU
		{CF98B99F-9C0E-49E5-B898-B62112BCB671}.Debug|Any CPU.Build.0 = Debug|Any CPU
		{CF98B99F-9C0E-49E5-B898-B62112BCB671}.Release|Any CPU.ActiveCfg = Release|Any CPU
		{CF98B99F-9C0E-49E5-B898-B62112BCB671}.Release|Any CPU.Build.0 = Release|Any CPU
		{BFFE368B-F244-49B6-93EE-E2D3202EB034}.Debug|Any CPU.ActiveCfg = Debug|Any CPU
		{BFFE368B-F244-49B6-93EE-E2D3202EB034}.Debug|Any CPU.Build.0 = Debug|Any CPU
		{BFFE368B-F244-49B6-93EE-E2D3202EB034}.Release|Any CPU.ActiveCfg = Release|Any CPU
		{BFFE368B-F244-49B6-93EE-E2D3202EB034}.Release|Any CPU.Build.0 = Release|Any CPU
		{C8E9E707-43FC-42A0-B1BD-CD4D072F5E04}.Debug|Any CPU.ActiveCfg = Debug|Any CPU
		{C8E9E707-43FC-42A0-B1BD-CD4D072F5E04}.Debug|Any CPU.Build.0 = Debug|Any CPU
		{C8E9E707-43FC-42A0-B1BD-CD4D072F5E04}.Release|Any CPU.ActiveCfg = Release|Any CPU
		{C8E9E707-43FC-42A0-B1BD-CD4D072F5E04}.Release|Any CPU.Build.0 = Release|Any CPU
		{E1F793C0-42A3-4BB6-8A99-225081A12FC5}.Debug|Any CPU.ActiveCfg = Debug|Any CPU
		{E1F793C0-42A3-4BB6-8A99-225081A12FC5}.Debug|Any CPU.Build.0 = Debug|Any CPU
		{E1F793C0-42A3-4BB6-8A99-225081A12FC5}.Release|Any CPU.ActiveCfg = Release|Any CPU
		{E1F793C0-42A3-4BB6-8A99-225081A12FC5}.Release|Any CPU.Build.0 = Release|Any CPU
		{FCA24BC3-9E5C-402A-8D56-F23EDC426D76}.Debug|Any CPU.ActiveCfg = Debug|Any CPU
		{FCA24BC3-9E5C-402A-8D56-F23EDC426D76}.Debug|Any CPU.Build.0 = Debug|Any CPU
		{FCA24BC3-9E5C-402A-8D56-F23EDC426D76}.Release|Any CPU.ActiveCfg = Release|Any CPU
		{FCA24BC3-9E5C-402A-8D56-F23EDC426D76}.Release|Any CPU.Build.0 = Release|Any CPU
		{19E12920-D984-46E0-B83B-99A9AFF4C84D}.Debug|Any CPU.ActiveCfg = Debug|Any CPU
		{19E12920-D984-46E0-B83B-99A9AFF4C84D}.Debug|Any CPU.Build.0 = Debug|Any CPU
		{19E12920-D984-46E0-B83B-99A9AFF4C84D}.Release|Any CPU.ActiveCfg = Release|Any CPU
		{19E12920-D984-46E0-B83B-99A9AFF4C84D}.Release|Any CPU.Build.0 = Release|Any CPU
		{B64268D2-C2E4-4FBA-B857-09796142A497}.Debug|Any CPU.ActiveCfg = Debug|Any CPU
		{B64268D2-C2E4-4FBA-B857-09796142A497}.Debug|Any CPU.Build.0 = Debug|Any CPU
		{B64268D2-C2E4-4FBA-B857-09796142A497}.Release|Any CPU.ActiveCfg = Release|Any CPU
		{B64268D2-C2E4-4FBA-B857-09796142A497}.Release|Any CPU.Build.0 = Release|Any CPU
		{920F0570-D2A5-46AF-B4A5-84D14727225E}.Debug|Any CPU.ActiveCfg = Debug|Any CPU
		{920F0570-D2A5-46AF-B4A5-84D14727225E}.Debug|Any CPU.Build.0 = Debug|Any CPU
		{920F0570-D2A5-46AF-B4A5-84D14727225E}.Release|Any CPU.ActiveCfg = Release|Any CPU
		{920F0570-D2A5-46AF-B4A5-84D14727225E}.Release|Any CPU.Build.0 = Release|Any CPU
		{ACE98300-2F5C-4203-92DA-A82488BFF581}.Debug|Any CPU.ActiveCfg = Debug|Any CPU
		{ACE98300-2F5C-4203-92DA-A82488BFF581}.Debug|Any CPU.Build.0 = Debug|Any CPU
		{ACE98300-2F5C-4203-92DA-A82488BFF581}.Release|Any CPU.ActiveCfg = Release|Any CPU
		{ACE98300-2F5C-4203-92DA-A82488BFF581}.Release|Any CPU.Build.0 = Release|Any CPU
		{FE715871-1C48-4AB8-8E9E-57240868B7FD}.Debug|Any CPU.ActiveCfg = Debug|Any CPU
		{FE715871-1C48-4AB8-8E9E-57240868B7FD}.Debug|Any CPU.Build.0 = Debug|Any CPU
		{FE715871-1C48-4AB8-8E9E-57240868B7FD}.Release|Any CPU.ActiveCfg = Release|Any CPU
		{FE715871-1C48-4AB8-8E9E-57240868B7FD}.Release|Any CPU.Build.0 = Release|Any CPU
		{2ED90369-63FB-4B9C-B2C5-86A28E4B068E}.Debug|Any CPU.ActiveCfg = Debug|Any CPU
		{2ED90369-63FB-4B9C-B2C5-86A28E4B068E}.Debug|Any CPU.Build.0 = Debug|Any CPU
		{2ED90369-63FB-4B9C-B2C5-86A28E4B068E}.Release|Any CPU.ActiveCfg = Release|Any CPU
		{2ED90369-63FB-4B9C-B2C5-86A28E4B068E}.Release|Any CPU.Build.0 = Release|Any CPU
		{C20AC99F-6011-48D3-AECB-93B14F3AC6D1}.Debug|Any CPU.ActiveCfg = Debug|Any CPU
		{C20AC99F-6011-48D3-AECB-93B14F3AC6D1}.Debug|Any CPU.Build.0 = Debug|Any CPU
		{C20AC99F-6011-48D3-AECB-93B14F3AC6D1}.Release|Any CPU.ActiveCfg = Release|Any CPU
		{C20AC99F-6011-48D3-AECB-93B14F3AC6D1}.Release|Any CPU.Build.0 = Release|Any CPU
		{F338D9A0-7877-40FC-AE14-5C886A65FA10}.Debug|Any CPU.ActiveCfg = Debug|Any CPU
		{F338D9A0-7877-40FC-AE14-5C886A65FA10}.Debug|Any CPU.Build.0 = Debug|Any CPU
		{F338D9A0-7877-40FC-AE14-5C886A65FA10}.Release|Any CPU.ActiveCfg = Release|Any CPU
		{F338D9A0-7877-40FC-AE14-5C886A65FA10}.Release|Any CPU.Build.0 = Release|Any CPU
		{7089AD80-0784-4DBA-B36C-ED1DDFD8DB02}.Debug|Any CPU.ActiveCfg = Debug|Any CPU
		{7089AD80-0784-4DBA-B36C-ED1DDFD8DB02}.Debug|Any CPU.Build.0 = Debug|Any CPU
		{7089AD80-0784-4DBA-B36C-ED1DDFD8DB02}.Release|Any CPU.ActiveCfg = Release|Any CPU
		{7089AD80-0784-4DBA-B36C-ED1DDFD8DB02}.Release|Any CPU.Build.0 = Release|Any CPU
		{4F79D26B-E4BE-4634-A663-1B0BF5E523B6}.Debug|Any CPU.ActiveCfg = Debug|Any CPU
		{4F79D26B-E4BE-4634-A663-1B0BF5E523B6}.Debug|Any CPU.Build.0 = Debug|Any CPU
		{4F79D26B-E4BE-4634-A663-1B0BF5E523B6}.Release|Any CPU.ActiveCfg = Release|Any CPU
		{4F79D26B-E4BE-4634-A663-1B0BF5E523B6}.Release|Any CPU.Build.0 = Release|Any CPU
		{D33C9899-9683-4704-80A4-E08E38FCEA92}.Debug|Any CPU.ActiveCfg = Debug|Any CPU
		{D33C9899-9683-4704-80A4-E08E38FCEA92}.Debug|Any CPU.Build.0 = Debug|Any CPU
		{D33C9899-9683-4704-80A4-E08E38FCEA92}.Release|Any CPU.ActiveCfg = Release|Any CPU
		{D33C9899-9683-4704-80A4-E08E38FCEA92}.Release|Any CPU.Build.0 = Release|Any CPU
		{8773BBD2-9376-43D6-9C51-F1D685A33218}.Debug|Any CPU.ActiveCfg = Debug|Any CPU
		{8773BBD2-9376-43D6-9C51-F1D685A33218}.Debug|Any CPU.Build.0 = Debug|Any CPU
		{8773BBD2-9376-43D6-9C51-F1D685A33218}.Release|Any CPU.ActiveCfg = Release|Any CPU
		{8773BBD2-9376-43D6-9C51-F1D685A33218}.Release|Any CPU.Build.0 = Release|Any CPU
		{D2F4A7B4-FEDC-4BF0-B774-6CC0EDDFF8E0}.Debug|Any CPU.ActiveCfg = Debug|Any CPU
		{D2F4A7B4-FEDC-4BF0-B774-6CC0EDDFF8E0}.Debug|Any CPU.Build.0 = Debug|Any CPU
		{D2F4A7B4-FEDC-4BF0-B774-6CC0EDDFF8E0}.Release|Any CPU.ActiveCfg = Release|Any CPU
		{D2F4A7B4-FEDC-4BF0-B774-6CC0EDDFF8E0}.Release|Any CPU.Build.0 = Release|Any CPU
		{B2784E4D-762B-4EAE-9C8B-9A7DE34866DB}.Debug|Any CPU.ActiveCfg = Debug|Any CPU
		{B2784E4D-762B-4EAE-9C8B-9A7DE34866DB}.Debug|Any CPU.Build.0 = Debug|Any CPU
		{B2784E4D-762B-4EAE-9C8B-9A7DE34866DB}.Release|Any CPU.ActiveCfg = Release|Any CPU
		{B2784E4D-762B-4EAE-9C8B-9A7DE34866DB}.Release|Any CPU.Build.0 = Release|Any CPU
		{76FBAC32-CD21-4788-B3E5-E493EBA02B30}.Debug|Any CPU.ActiveCfg = Debug|Any CPU
		{76FBAC32-CD21-4788-B3E5-E493EBA02B30}.Debug|Any CPU.Build.0 = Debug|Any CPU
		{76FBAC32-CD21-4788-B3E5-E493EBA02B30}.Release|Any CPU.ActiveCfg = Release|Any CPU
		{76FBAC32-CD21-4788-B3E5-E493EBA02B30}.Release|Any CPU.Build.0 = Release|Any CPU
		{F142C87F-D27A-49AA-818C-3405D21753B5}.Debug|Any CPU.ActiveCfg = Debug|Any CPU
		{F142C87F-D27A-49AA-818C-3405D21753B5}.Debug|Any CPU.Build.0 = Debug|Any CPU
		{F142C87F-D27A-49AA-818C-3405D21753B5}.Release|Any CPU.ActiveCfg = Release|Any CPU
		{F142C87F-D27A-49AA-818C-3405D21753B5}.Release|Any CPU.Build.0 = Release|Any CPU
		{3587982F-08D0-4426-A432-A53D18B17FE1}.Debug|Any CPU.ActiveCfg = Debug|Any CPU
		{3587982F-08D0-4426-A432-A53D18B17FE1}.Debug|Any CPU.Build.0 = Debug|Any CPU
		{3587982F-08D0-4426-A432-A53D18B17FE1}.Release|Any CPU.ActiveCfg = Release|Any CPU
		{3587982F-08D0-4426-A432-A53D18B17FE1}.Release|Any CPU.Build.0 = Release|Any CPU
		{B45E34C2-8546-4CD3-B204-7C2BC9363012}.Debug|Any CPU.ActiveCfg = Debug|Any CPU
		{B45E34C2-8546-4CD3-B204-7C2BC9363012}.Debug|Any CPU.Build.0 = Debug|Any CPU
		{B45E34C2-8546-4CD3-B204-7C2BC9363012}.Release|Any CPU.ActiveCfg = Release|Any CPU
		{B45E34C2-8546-4CD3-B204-7C2BC9363012}.Release|Any CPU.Build.0 = Release|Any CPU
		{B0FC0177-0420-44D3-8BCE-4E5CA7384419}.Debug|Any CPU.ActiveCfg = Debug|Any CPU
		{B0FC0177-0420-44D3-8BCE-4E5CA7384419}.Debug|Any CPU.Build.0 = Debug|Any CPU
		{B0FC0177-0420-44D3-8BCE-4E5CA7384419}.Release|Any CPU.ActiveCfg = Release|Any CPU
		{B0FC0177-0420-44D3-8BCE-4E5CA7384419}.Release|Any CPU.Build.0 = Release|Any CPU
		{A5E43B69-B3D1-46C2-83D7-A726C18A0B37}.Debug|Any CPU.ActiveCfg = Debug|Any CPU
		{A5E43B69-B3D1-46C2-83D7-A726C18A0B37}.Debug|Any CPU.Build.0 = Debug|Any CPU
		{A5E43B69-B3D1-46C2-83D7-A726C18A0B37}.Release|Any CPU.ActiveCfg = Release|Any CPU
		{A5E43B69-B3D1-46C2-83D7-A726C18A0B37}.Release|Any CPU.Build.0 = Release|Any CPU
		{8BF37F97-77F5-4F33-8A13-64F5C2EA1FA0}.Debug|Any CPU.ActiveCfg = Debug|Any CPU
		{8BF37F97-77F5-4F33-8A13-64F5C2EA1FA0}.Debug|Any CPU.Build.0 = Debug|Any CPU
		{8BF37F97-77F5-4F33-8A13-64F5C2EA1FA0}.Release|Any CPU.ActiveCfg = Release|Any CPU
		{8BF37F97-77F5-4F33-8A13-64F5C2EA1FA0}.Release|Any CPU.Build.0 = Release|Any CPU
		{4B53A29F-6E2F-432F-8AA6-5DAD47BBBEF3}.Debug|Any CPU.ActiveCfg = Debug|Any CPU
		{4B53A29F-6E2F-432F-8AA6-5DAD47BBBEF3}.Debug|Any CPU.Build.0 = Debug|Any CPU
		{4B53A29F-6E2F-432F-8AA6-5DAD47BBBEF3}.Release|Any CPU.ActiveCfg = Release|Any CPU
		{4B53A29F-6E2F-432F-8AA6-5DAD47BBBEF3}.Release|Any CPU.Build.0 = Release|Any CPU
		{8A73C121-02F6-4620-888E-90ECC34D75FD}.Debug|Any CPU.ActiveCfg = Debug|Any CPU
		{8A73C121-02F6-4620-888E-90ECC34D75FD}.Debug|Any CPU.Build.0 = Debug|Any CPU
		{8A73C121-02F6-4620-888E-90ECC34D75FD}.Release|Any CPU.ActiveCfg = Release|Any CPU
		{8A73C121-02F6-4620-888E-90ECC34D75FD}.Release|Any CPU.Build.0 = Release|Any CPU
		{B3AA6D7B-A49E-4931-9EE3-D5653C002E7F}.Debug|Any CPU.ActiveCfg = Debug|Any CPU
		{B3AA6D7B-A49E-4931-9EE3-D5653C002E7F}.Debug|Any CPU.Build.0 = Debug|Any CPU
		{B3AA6D7B-A49E-4931-9EE3-D5653C002E7F}.Release|Any CPU.ActiveCfg = Release|Any CPU
		{B3AA6D7B-A49E-4931-9EE3-D5653C002E7F}.Release|Any CPU.Build.0 = Release|Any CPU
		{8492B3B8-0E75-47BE-AC1B-855119E6A8E2}.Debug|Any CPU.ActiveCfg = Debug|Any CPU
		{8492B3B8-0E75-47BE-AC1B-855119E6A8E2}.Debug|Any CPU.Build.0 = Debug|Any CPU
		{8492B3B8-0E75-47BE-AC1B-855119E6A8E2}.Release|Any CPU.ActiveCfg = Release|Any CPU
		{8492B3B8-0E75-47BE-AC1B-855119E6A8E2}.Release|Any CPU.Build.0 = Release|Any CPU
	EndGlobalSection
	GlobalSection(SolutionProperties) = preSolution
		HideSolutionNode = FALSE
	EndGlobalSection
	GlobalSection(ExtensibilityGlobals) = postSolution
		SolutionGuid = {583CAEAB-0B67-47D7-8D39-FBB45FE7A9C2}
	EndGlobalSection
EndGlobal
